
Microsoft Visual Studio Solution File, Format Version 12.00
# Visual Studio 14
VisualStudioVersion = 14.0.25420.1
MinimumVisualStudioVersion = 10.0.40219.1
Project("{FAE04EC0-301F-11D3-BF4B-00C04F79EFBC}") = "WikiSeleniumPageObject", "WikiSeleniumPageObject\WikiSeleniumPageObject.csproj", "{59A4F12E-CB9B-417F-A4C2-41E5868277AD}"
EndProject
Project("{FAE04EC0-301F-11D3-BF4B-00C04F79EFBC}") = "WhiteUI", "WhiteUI\WhiteUI.csproj", "{7A9F74E3-3F51-4B41-9830-32C388D51F7C}"
EndProject
Global
	GlobalSection(SolutionConfigurationPlatforms) = preSolution
		Debug|Any CPU = Debug|Any CPU
		Release|Any CPU = Release|Any CPU
	EndGlobalSection
	GlobalSection(ProjectConfigurationPlatforms) = postSolution
		{59A4F12E-CB9B-417F-A4C2-41E5868277AD}.Debug|Any CPU.ActiveCfg = Debug|Any CPU
		{59A4F12E-CB9B-417F-A4C2-41E5868277AD}.Debug|Any CPU.Build.0 = Debug|Any CPU
		{59A4F12E-CB9B-417F-A4C2-41E5868277AD}.Release|Any CPU.ActiveCfg = Release|Any CPU
		{59A4F12E-CB9B-417F-A4C2-41E5868277AD}.Release|Any CPU.Build.0 = Release|Any CPU
		{7A9F74E3-3F51-4B41-9830-32C388D51F7C}.Debug|Any CPU.ActiveCfg = Debug|Any CPU
		{7A9F74E3-3F51-4B41-9830-32C388D51F7C}.Debug|Any CPU.Build.0 = Debug|Any CPU
		{7A9F74E3-3F51-4B41-9830-32C388D51F7C}.Release|Any CPU.ActiveCfg = Release|Any CPU
		{7A9F74E3-3F51-4B41-9830-32C388D51F7C}.Release|Any CPU.Build.0 = Release|Any CPU
	EndGlobalSection
	GlobalSection(SolutionProperties) = preSolution
		HideSolutionNode = FALSE
	EndGlobalSection
EndGlobal
